PODS:
  - Alamofire (5.9.1)
  - SwiftLint (0.57.0)

DEPENDENCIES:
  - Alamofire
  - SwiftLint

SPEC REPOS:
  trunk:
    - Alamofire
    - SwiftLint

SPEC CHECKSUMS:
  Alamofire: f36a35757af4587d8e4f4bfa223ad10be2422b8c
  SwiftLint: eb47480d47c982481592c195c221d11013a679cc

PODFILE CHECKSUM: 2885c2007270e100319d6d9f15b13d39ba887392

COCOAPODS: 1.15.2
