// !$*UTF8*$!
{
	archiveVersion = 1;
	classes = {
	};
	objectVersion = 56;
	objects = {

/* Begin PBXBuildFile section */
		0EA5DA9A1768DB3F6716DE25 /* Pods_StrideSense.framework in Frameworks */ = {isa = PBXBuildFile; fileRef = C4056C25C8CD8B818E1702C1 /* Pods_StrideSense.framework */; };
		3274E748F66E7C8C2E206A8C /* Pods_StrideSense_StrideSenseUITests.framework in Frameworks */ = {isa = PBXBuildFile; fileRef = D9C70422D94AF300FDB40CEB /* Pods_StrideSense_StrideSenseUITests.framework */; };
		481E86612CC19A2400433E96 /* Localizable.strings in Resources */ = {isa = PBXBuildFile; fileRef = 481E865F2CC19A2400433E96 /* Localizable.strings */; };
		481E86632CC19C9400433E96 /* StringExtension.swift in Sources */ = {isa = PBXBuildFile; fileRef = 481E86622CC19C8C00433E96 /* StringExtension.swift */; };
		481E867C2CC1A08700433E96 /* .swiftlint in Resources */ = {isa = PBXBuildFile; fileRef = 481E867B2CC1A07F00433E96 /* .swiftlint */; };
		483C823F2C78110A00967EA7 /* StrideSenseApp.swift in Sources */ = {isa = PBXBuildFile; fileRef = 483C823E2C78110A00967EA7 /* StrideSenseApp.swift */; };
		483C82412C78110A00967EA7 /* HomeView.swift in Sources */ = {isa = PBXBuildFile; fileRef = 483C82402C78110A00967EA7 /* HomeView.swift */; };
		483C82432C78110C00967EA7 /* Assets.xcassets in Resources */ = {isa = PBXBuildFile; fileRef = 483C82422C78110C00967EA7 /* Assets.xcassets */; };
		483C82462C78110C00967EA7 /* PreviewAssets.xcassets in Resources */ = {isa = PBXBuildFile; fileRef = 483C82452C78110C00967EA7 /* PreviewAssets.xcassets */; };
		483C82502C78110C00967EA7 /* StrideSenseTests.swift in Sources */ = {isa = PBXBuildFile; fileRef = 483C824F2C78110C00967EA7 /* StrideSenseTests.swift */; };
		483C825A2C78110C00967EA7 /* StrideSenseUITests.swift in Sources */ = {isa = PBXBuildFile; fileRef = 483C82592C78110C00967EA7 /* StrideSenseUITests.swift */; };
		483C825C2C78110C00967EA7 /* StrideSenseUITestsLaunchTests.swift in Sources */ = {isa = PBXBuildFile; fileRef = 483C825B2C78110C00967EA7 /* StrideSenseUITestsLaunchTests.swift */; };
		B2AC42794AB2A9E3E64A3D21 /* Pods_StrideSenseTests.framework in Frameworks */ = {isa = PBXBuildFile; fileRef = 9ADDF799B832D6CEBE25E44B /* Pods_StrideSenseTests.framework */; };
/* End PBXBuildFile section */

/* Begin PBXContainerItemProxy section */
		483C824C2C78110C00967EA7 /* PBXContainerItemProxy */ = {
			isa = PBXContainerItemProxy;
			containerPortal = 483C82332C78110A00967EA7 /* Project object */;
			proxyType = 1;
			remoteGlobalIDString = 483C823A2C78110A00967EA7;
			remoteInfo = StrideSense;
		};
		483C82562C78110C00967EA7 /* PBXContainerItemProxy */ = {
			isa = PBXContainerItemProxy;
			containerPortal = 483C82332C78110A00967EA7 /* Project object */;
			proxyType = 1;
			remoteGlobalIDString = 483C823A2C78110A00967EA7;
			remoteInfo = StrideSense;
		};
/* End PBXContainerItemProxy section */

/* Begin PBXFileReference section */
		03D76A6D4C6C5124599924CD /* Pods-StrideSense.release.xcconfig */ = {isa = PBXFileReference; includeInIndex = 1; lastKnownFileType = text.xcconfig; name = "Pods-StrideSense.release.xcconfig"; path = "../../Pods/Target Support Files/Pods-StrideSense/Pods-StrideSense.release.xcconfig"; sourceTree = "<group>"; };
		3763B6710A6B0AFE1B8DBEFE /* Pods-StrideSense-StrideSenseUITests.release.xcconfig */ = {isa = PBXFileReference; includeInIndex = 1; lastKnownFileType = text.xcconfig; name = "Pods-StrideSense-StrideSenseUITests.release.xcconfig"; path = "../../Pods/Target Support Files/Pods-StrideSense-StrideSenseUITests/Pods-StrideSense-StrideSenseUITests.release.xcconfig"; sourceTree = "<group>"; };
		481E86602CC19A2400433E96 /* en */ = {isa = PBXFileReference; lastKnownFileType = text.plist.strings; name = en; path = en.lproj/Localizable.strings; sourceTree = "<group>"; };
		481E86622CC19C8C00433E96 /* StringExtension.swift */ = {isa = PBXFileReference; lastKnownFileType = sourcecode.swift; path = StringExtension.swift; sourceTree = "<group>"; };
		481E867B2CC1A07F00433E96 /* .swiftlint */ = {isa = PBXFileReference; lastKnownFileType = text; path = .swiftlint; sourceTree = "<group>"; };
		483C823B2C78110A00967EA7 /* StrideSense.app */ = {isa = PBXFileReference; explicitFileType = wrapper.application; includeInIndex = 0; path = StrideSense.app; sourceTree = BUILT_PRODUCTS_DIR; };
		483C823E2C78110A00967EA7 /* StrideSenseApp.swift */ = {isa = PBXFileReference; lastKnownFileType = sourcecode.swift; path = StrideSenseApp.swift; sourceTree = "<group>"; };
		483C82402C78110A00967EA7 /* HomeView.swift */ = {isa = PBXFileReference; lastKnownFileType = sourcecode.swift; path = HomeView.swift; sourceTree = "<group>"; };
		483C82422C78110C00967EA7 /* Assets.xcassets */ = {isa = PBXFileReference; lastKnownFileType = folder.assetcatalog; path = Assets.xcassets; sourceTree = "<group>"; };
		483C82452C78110C00967EA7 /* PreviewAssets.xcassets */ = {isa = PBXFileReference; lastKnownFileType = folder.assetcatalog; path = PreviewAssets.xcassets; sourceTree = "<group>"; };
		483C824B2C78110C00967EA7 /* StrideSenseTests.xctest */ = {isa = PBXFileReference; explicitFileType = wrapper.cfbundle; includeInIndex = 0; path = StrideSenseTests.xctest; sourceTree = BUILT_PRODUCTS_DIR; };
		483C824F2C78110C00967EA7 /* StrideSenseTests.swift */ = {isa = PBXFileReference; lastKnownFileType = sourcecode.swift; path = StrideSenseTests.swift; sourceTree = "<group>"; };
		483C82552C78110C00967EA7 /* StrideSenseUITests.xctest */ = {isa = PBXFileReference; explicitFileType = wrapper.cfbundle; includeInIndex = 0; path = StrideSenseUITests.xctest; sourceTree = BUILT_PRODUCTS_DIR; };
		483C82592C78110C00967EA7 /* StrideSenseUITests.swift */ = {isa = PBXFileReference; lastKnownFileType = sourcecode.swift; path = StrideSenseUITests.swift; sourceTree = "<group>"; };
		483C825B2C78110C00967EA7 /* StrideSenseUITestsLaunchTests.swift */ = {isa = PBXFileReference; lastKnownFileType = sourcecode.swift; path = StrideSenseUITestsLaunchTests.swift; sourceTree = "<group>"; };
		9ADDF799B832D6CEBE25E44B /* Pods_StrideSenseTests.framework */ = {isa = PBXFileReference; explicitFileType = wrapper.framework; includeInIndex = 0; path = Pods_StrideSenseTests.framework; sourceTree = BUILT_PRODUCTS_DIR; };
		A2D3E8D0643C4C01412D642C /* Pods-StrideSense-StrideSenseUITests.debug.xcconfig */ = {isa = PBXFileReference; includeInIndex = 1; lastKnownFileType = text.xcconfig; name = "Pods-StrideSense-StrideSenseUITests.debug.xcconfig"; path = "../../Pods/Target Support Files/Pods-StrideSense-StrideSenseUITests/Pods-StrideSense-StrideSenseUITests.debug.xcconfig"; sourceTree = "<group>"; };
		B4DA619A9378713D92274394 /* Pods-StrideSenseTests.release.xcconfig */ = {isa = PBXFileReference; includeInIndex = 1; lastKnownFileType = text.xcconfig; name = "Pods-StrideSenseTests.release.xcconfig"; path = "../../Pods/Target Support Files/Pods-StrideSenseTests/Pods-StrideSenseTests.release.xcconfig"; sourceTree = "<group>"; };
		BA62B82494B05B3F73820587 /* Pods-StrideSenseTests.debug.xcconfig */ = {isa = PBXFileReference; includeInIndex = 1; lastKnownFileType = text.xcconfig; name = "Pods-StrideSenseTests.debug.xcconfig"; path = "../../Pods/Target Support Files/Pods-StrideSenseTests/Pods-StrideSenseTests.debug.xcconfig"; sourceTree = "<group>"; };
		C4056C25C8CD8B818E1702C1 /* Pods_StrideSense.framework */ = {isa = PBXFileReference; explicitFileType = wrapper.framework; includeInIndex = 0; path = Pods_StrideSense.framework; sourceTree = BUILT_PRODUCTS_DIR; };
		D9C70422D94AF300FDB40CEB /* Pods_StrideSense_StrideSenseUITests.framework */ = {isa = PBXFileReference; explicitFileType = wrapper.framework; includeInIndex = 0; path = Pods_StrideSense_StrideSenseUITests.framework; sourceTree = BUILT_PRODUCTS_DIR; };
		DCFB6DB68FA2C0269E8B7DE2 /* Pods-StrideSense.debug.xcconfig */ = {isa = PBXFileReference; includeInIndex = 1; lastKnownFileType = text.xcconfig; name = "Pods-StrideSense.debug.xcconfig"; path = "../../Pods/Target Support Files/Pods-StrideSense/Pods-StrideSense.debug.xcconfig"; sourceTree = "<group>"; };
/* End PBXFileReference section */

/* Begin PBXFrameworksBuildPhase section */
		483C82382C78110A00967EA7 /* Frameworks */ = {
			isa = PBXFrameworksBuildPhase;
			buildActionMask = 2147483647;
			files = (
				0EA5DA9A1768DB3F6716DE25 /* Pods_StrideSense.framework in Frameworks */,
			);
			runOnlyForDeploymentPostprocessing = 0;
		};
		483C82482C78110C00967EA7 /* Frameworks */ = {
			isa = PBXFrameworksBuildPhase;
			buildActionMask = 2147483647;
			files = (
				B2AC42794AB2A9E3E64A3D21 /* Pods_StrideSenseTests.framework in Frameworks */,
			);
			runOnlyForDeploymentPostprocessing = 0;
		};
		483C82522C78110C00967EA7 /* Frameworks */ = {
			isa = PBXFrameworksBuildPhase;
			buildActionMask = 2147483647;
			files = (
				3274E748F66E7C8C2E206A8C /* Pods_StrideSense_StrideSenseUITests.framework in Frameworks */,
			);
			runOnlyForDeploymentPostprocessing = 0;
		};
/* End PBXFrameworksBuildPhase section */

/* Begin PBXGroup section */
		481E86582CC0E12E00433E96 /* Resources */ = {
			isa = PBXGroup;
			children = (
				481E86642CC19DA500433E96 /* Icons */,
			);
			path = Resources;
			sourceTree = "<group>";
		};
		481E86592CC0E13800433E96 /* Views */ = {
			isa = PBXGroup;
			children = (
				481E86762CC19F6600433E96 /* Components */,
				481E86752CC19F6200433E96 /* Screens */,
			);
			path = Views;
			sourceTree = "<group>";
		};
		481E865A2CC0E13F00433E96 /* ViewModels */ = {
			isa = PBXGroup;
			children = (
			);
			path = ViewModels;
			sourceTree = "<group>";
		};
		481E865B2CC0E14500433E96 /* Models */ = {
			isa = PBXGroup;
			children = (
			);
			path = Models;
			sourceTree = "<group>";
		};
		481E86642CC19DA500433E96 /* Icons */ = {
			isa = PBXGroup;
			children = (
				483C82422C78110C00967EA7 /* Assets.xcassets */,
			);
			path = Icons;
			sourceTree = "<group>";
		};
		481E86652CC19DAB00433E96 /* Localization */ = {
			isa = PBXGroup;
			children = (
				481E865F2CC19A2400433E96 /* Localizable.strings */,
				481E86622CC19C8C00433E96 /* StringExtension.swift */,
			);
			path = Localization;
			sourceTree = "<group>";
		};
		481E86662CC19DBD00433E96 /* Features */ = {
			isa = PBXGroup;
			children = (
				481E866E2CC19F2300433E96 /* Common */,
				481E86672CC19DD500433E96 /* Login */,
				481E86682CC19DDC00433E96 /* Home */,
			);
			path = Features;
			sourceTree = "<group>";
		};
		481E86672CC19DD500433E96 /* Login */ = {
			isa = PBXGroup;
			children = (
				481E866C2CC19EFE00433E96 /* Network */,
				481E865B2CC0E14500433E96 /* Models */,
				481E865A2CC0E13F00433E96 /* ViewModels */,
				481E86592CC0E13800433E96 /* Views */,
			);
			path = Login;
			sourceTree = "<group>";
		};
		481E86682CC19DDC00433E96 /* Home */ = {
			isa = PBXGroup;
			children = (
				481E866D2CC19F1100433E96 /* Network */,
				481E86692CC19DF500433E96 /* Models */,
				481E866A2CC19DFD00433E96 /* ViewModels */,
				481E866B2CC19E0900433E96 /* Views */,
			);
			path = Home;
			sourceTree = "<group>";
		};
		481E86692CC19DF500433E96 /* Models */ = {
			isa = PBXGroup;
			children = (
			);
			path = Models;
			sourceTree = "<group>";
		};
		481E866A2CC19DFD00433E96 /* ViewModels */ = {
			isa = PBXGroup;
			children = (
			);
			path = ViewModels;
			sourceTree = "<group>";
		};
		481E866B2CC19E0900433E96 /* Views */ = {
			isa = PBXGroup;
			children = (
				481E86782CC19F7300433E96 /* Components */,
				481E86772CC19F6F00433E96 /* Screens */,
			);
			path = Views;
			sourceTree = "<group>";
		};
		481E866C2CC19EFE00433E96 /* Network */ = {
			isa = PBXGroup;
			children = (
			);
			path = Network;
			sourceTree = "<group>";
		};
		481E866D2CC19F1100433E96 /* Network */ = {
			isa = PBXGroup;
			children = (
			);
			path = Network;
			sourceTree = "<group>";
		};
		481E866E2CC19F2300433E96 /* Common */ = {
			isa = PBXGroup;
			children = (
				481E86722CC19F3800433E96 /* Network */,
				481E86712CC19F3400433E96 /* Models */,
				481E86702CC19F2E00433E96 /* ViewModels */,
				481E866F2CC19F2700433E96 /* Views */,
			);
			path = Common;
			sourceTree = "<group>";
		};
		481E866F2CC19F2700433E96 /* Views */ = {
			isa = PBXGroup;
			children = (
				481E86742CC19F5500433E96 /* Components */,
				481E86732CC19F5000433E96 /* Screens */,
			);
			path = Views;
			sourceTree = "<group>";
		};
		481E86702CC19F2E00433E96 /* ViewModels */ = {
			isa = PBXGroup;
			children = (
			);
			path = ViewModels;
			sourceTree = "<group>";
		};
		481E86712CC19F3400433E96 /* Models */ = {
			isa = PBXGroup;
			children = (
			);
			path = Models;
			sourceTree = "<group>";
		};
		481E86722CC19F3800433E96 /* Network */ = {
			isa = PBXGroup;
			children = (
			);
			path = Network;
			sourceTree = "<group>";
		};
		481E86732CC19F5000433E96 /* Screens */ = {
			isa = PBXGroup;
			children = (
			);
			path = Screens;
			sourceTree = "<group>";
		};
		481E86742CC19F5500433E96 /* Components */ = {
			isa = PBXGroup;
			children = (
			);
			path = Components;
			sourceTree = "<group>";
		};
		481E86752CC19F6200433E96 /* Screens */ = {
			isa = PBXGroup;
			children = (
			);
			path = Screens;
			sourceTree = "<group>";
		};
		481E86762CC19F6600433E96 /* Components */ = {
			isa = PBXGroup;
			children = (
			);
			path = Components;
			sourceTree = "<group>";
		};
		481E86772CC19F6F00433E96 /* Screens */ = {
			isa = PBXGroup;
			children = (
				483C82402C78110A00967EA7 /* HomeView.swift */,
			);
			path = Screens;
			sourceTree = "<group>";
		};
		481E86782CC19F7300433E96 /* Components */ = {
			isa = PBXGroup;
			children = (
			);
			path = Components;
			sourceTree = "<group>";
		};
		481E867A2CC1A00E00433E96 /* Config */ = {
			isa = PBXGroup;
			children = (
				481E867B2CC1A07F00433E96 /* .swiftlint */,
			);
			path = Config;
			sourceTree = "<group>";
		};
		481E867D2CC1A0FC00433E96 /* SupportingFiles */ = {
			isa = PBXGroup;
			children = (
				481E86652CC19DAB00433E96 /* Localization */,
				483C823E2C78110A00967EA7 /* StrideSenseApp.swift */,
			);
			path = SupportingFiles;
			sourceTree = "<group>";
		};
		483C82322C78110A00967EA7 = {
			isa = PBXGroup;
			children = (
				483C823D2C78110A00967EA7 /* StrideSense */,
				483C824E2C78110C00967EA7 /* StrideSenseTests */,
				483C82582C78110C00967EA7 /* StrideSenseUITests */,
				483C823C2C78110A00967EA7 /* Products */,
				A47914E2D45752D8AE32BD01 /* Pods */,
				F0B59435830BD63A6831E352 /* Frameworks */,
			);
			sourceTree = "<group>";
		};
		483C823C2C78110A00967EA7 /* Products */ = {
			isa = PBXGroup;
			children = (
				483C823B2C78110A00967EA7 /* StrideSense.app */,
				483C824B2C78110C00967EA7 /* StrideSenseTests.xctest */,
				483C82552C78110C00967EA7 /* StrideSenseUITests.xctest */,
			);
			name = Products;
			sourceTree = "<group>";
		};
		483C823D2C78110A00967EA7 /* StrideSense */ = {
			isa = PBXGroup;
			children = (
				481E86662CC19DBD00433E96 /* Features */,
				481E867A2CC1A00E00433E96 /* Config */,
				481E86582CC0E12E00433E96 /* Resources */,
				481E867D2CC1A0FC00433E96 /* SupportingFiles */,
				483C82442C78110C00967EA7 /* PreviewContent */,
			);
			path = StrideSense;
			sourceTree = "<group>";
		};
		483C82442C78110C00967EA7 /* PreviewContent */ = {
			isa = PBXGroup;
			children = (
				483C82452C78110C00967EA7 /* PreviewAssets.xcassets */,
			);
			path = PreviewContent;
			sourceTree = "<group>";
		};
		483C824E2C78110C00967EA7 /* StrideSenseTests */ = {
			isa = PBXGroup;
			children = (
				483C824F2C78110C00967EA7 /* StrideSenseTests.swift */,
			);
			path = StrideSenseTests;
			sourceTree = "<group>";
		};
		483C82582C78110C00967EA7 /* StrideSenseUITests */ = {
			isa = PBXGroup;
			children = (
				483C82592C78110C00967EA7 /* StrideSenseUITests.swift */,
				483C825B2C78110C00967EA7 /* StrideSenseUITestsLaunchTests.swift */,
			);
			path = StrideSenseUITests;
			sourceTree = "<group>";
		};
		A47914E2D45752D8AE32BD01 /* Pods */ = {
			isa = PBXGroup;
			children = (
				DCFB6DB68FA2C0269E8B7DE2 /* Pods-StrideSense.debug.xcconfig */,
				03D76A6D4C6C5124599924CD /* Pods-StrideSense.release.xcconfig */,
				A2D3E8D0643C4C01412D642C /* Pods-StrideSense-StrideSenseUITests.debug.xcconfig */,
				3763B6710A6B0AFE1B8DBEFE /* Pods-StrideSense-StrideSenseUITests.release.xcconfig */,
				BA62B82494B05B3F73820587 /* Pods-StrideSenseTests.debug.xcconfig */,
				B4DA619A9378713D92274394 /* Pods-StrideSenseTests.release.xcconfig */,
			);
			path = Pods;
			sourceTree = "<group>";
		};
		F0B59435830BD63A6831E352 /* Frameworks */ = {
			isa = PBXGroup;
			children = (
				C4056C25C8CD8B818E1702C1 /* Pods_StrideSense.framework */,
				D9C70422D94AF300FDB40CEB /* Pods_StrideSense_StrideSenseUITests.framework */,
				9ADDF799B832D6CEBE25E44B /* Pods_StrideSenseTests.framework */,
			);
			name = Frameworks;
			sourceTree = "<group>";
		};
/* End PBXGroup section */

/* Begin PBXNativeTarget section */
		483C823A2C78110A00967EA7 /* StrideSense */ = {
			isa = PBXNativeTarget;
			buildConfigurationList = 483C825F2C78110C00967EA7 /* Build configuration list for PBXNativeTarget "StrideSense" */;
			buildPhases = (
				62ED55AAD74CF8C968F54C22 /* [CP] Check Pods Manifest.lock */,
				483C82372C78110A00967EA7 /* Sources */,
				483C82382C78110A00967EA7 /* Frameworks */,
				483C82392C78110A00967EA7 /* Resources */,
				5CF282CB5C6CD6DAE1B03893 /* [CP] Embed Pods Frameworks */,
				481E865C2CC198FE00433E96 /* SwiftLint */,
			);
			buildRules = (
			);
			dependencies = (
			);
			name = StrideSense;
			productName = StrideSense;
			productReference = 483C823B2C78110A00967EA7 /* StrideSense.app */;
			productType = "com.apple.product-type.application";
		};
		483C824A2C78110C00967EA7 /* StrideSenseTests */ = {
			isa = PBXNativeTarget;
			buildConfigurationList = 483C82622C78110C00967EA7 /* Build configuration list for PBXNativeTarget "StrideSenseTests" */;
			buildPhases = (
				867ADDF8FEF1DB77DD223500 /* [CP] Check Pods Manifest.lock */,
				483C82472C78110C00967EA7 /* Sources */,
				483C82482C78110C00967EA7 /* Frameworks */,
				483C82492C78110C00967EA7 /* Resources */,
			);
			buildRules = (
			);
			dependencies = (
				483C824D2C78110C00967EA7 /* PBXTargetDependency */,
			);
			name = StrideSenseTests;
			productName = StrideSenseTests;
			productReference = 483C824B2C78110C00967EA7 /* StrideSenseTests.xctest */;
			productType = "com.apple.product-type.bundle.unit-test";
		};
		483C82542C78110C00967EA7 /* StrideSenseUITests */ = {
			isa = PBXNativeTarget;
			buildConfigurationList = 483C82652C78110C00967EA7 /* Build configuration list for PBXNativeTarget "StrideSenseUITests" */;
			buildPhases = (
				E2108DFE5333A2BB3342E166 /* [CP] Check Pods Manifest.lock */,
				483C82512C78110C00967EA7 /* Sources */,
				483C82522C78110C00967EA7 /* Frameworks */,
				483C82532C78110C00967EA7 /* Resources */,
				5D77001C637EACDA6000A5A1 /* [CP] Embed Pods Frameworks */,
			);
			buildRules = (
			);
			dependencies = (
				483C82572C78110C00967EA7 /* PBXTargetDependency */,
			);
			name = StrideSenseUITests;
			productName = StrideSenseUITests;
			productReference = 483C82552C78110C00967EA7 /* StrideSenseUITests.xctest */;
			productType = "com.apple.product-type.bundle.ui-testing";
		};
/* End PBXNativeTarget section */

/* Begin PBXProject section */
		483C82332C78110A00967EA7 /* Project object */ = {
			isa = PBXProject;
			attributes = {
				BuildIndependentTargetsInParallel = 1;
				LastSwiftUpdateCheck = 1540;
				LastUpgradeCheck = 1600;
				TargetAttributes = {
					483C823A2C78110A00967EA7 = {
						CreatedOnToolsVersion = 15.4;
					};
					483C824A2C78110C00967EA7 = {
						CreatedOnToolsVersion = 15.4;
						TestTargetID = 483C823A2C78110A00967EA7;
					};
					483C82542C78110C00967EA7 = {
						CreatedOnToolsVersion = 15.4;
						TestTargetID = 483C823A2C78110A00967EA7;
					};
				};
			};
			buildConfigurationList = 483C82362C78110A00967EA7 /* Build configuration list for PBXProject "StrideSense" */;
			compatibilityVersion = "Xcode 14.0";
			developmentRegion = en;
			hasScannedForEncodings = 0;
			knownRegions = (
				en,
				Base,
			);
			mainGroup = 483C82322C78110A00967EA7;
			productRefGroup = 483C823C2C78110A00967EA7 /* Products */;
			projectDirPath = "";
			projectRoot = "";
			targets = (
				483C823A2C78110A00967EA7 /* StrideSense */,
				483C824A2C78110C00967EA7 /* StrideSenseTests */,
				483C82542C78110C00967EA7 /* StrideSenseUITests */,
			);
		};
/* End PBXProject section */

/* Begin PBXResourcesBuildPhase section */
		483C82392C78110A00967EA7 /* Resources */ = {
			isa = PBXResourcesBuildPhase;
			buildActionMask = 2147483647;
			files = (
				481E867C2CC1A08700433E96 /* .swiftlint in Resources */,
				483C82462C78110C00967EA7 /* PreviewAssets.xcassets in Resources */,
				481E86612CC19A2400433E96 /* Localizable.strings in Resources */,
				483C82432C78110C00967EA7 /* Assets.xcassets in Resources */,
			);
			runOnlyForDeploymentPostprocessing = 0;
		};
		483C82492C78110C00967EA7 /* Resources */ = {
			isa = PBXResourcesBuildPhase;
			buildActionMask = 2147483647;
			files = (
			);
			runOnlyForDeploymentPostprocessing = 0;
		};
		483C82532C78110C00967EA7 /* Resources */ = {
			isa = PBXResourcesBuildPhase;
			buildActionMask = 2147483647;
			files = (
			);
			runOnlyForDeploymentPostprocessing = 0;
		};
/* End PBXResourcesBuildPhase section */

/* Begin PBXShellScriptBuildPhase section */
		481E865C2CC198FE00433E96 /* SwiftLint */ = {
			isa = PBXShellScriptBuildPhase;
			buildActionMask = 2147483647;
			files = (
			);
			inputFileListPaths = (
			);
			inputPaths = (
			);
			name = SwiftLint;
			outputFileListPaths = (
			);
			outputPaths = (
			);
			runOnlyForDeploymentPostprocessing = 0;
			shellPath = /bin/sh;
			shellScript = "\"${PODS_ROOT}/SwiftLint/swiftlint\" --config \"$SRCROOT/SwiftUIBlueprint/Config/.swiftlint.yml\"\n";
		};
		5CF282CB5C6CD6DAE1B03893 /* [CP] Embed Pods Frameworks */ = {
			isa = PBXShellScriptBuildPhase;
			buildActionMask = 2147483647;
			files = (
			);
			inputFileListPaths = (
				"${PODS_ROOT}/Target Support Files/Pods-StrideSense/Pods-StrideSense-frameworks-${CONFIGURATION}-input-files.xcfilelist",
			);
			name = "[CP] Embed Pods Frameworks";
			outputFileListPaths = (
				"${PODS_ROOT}/Target Support Files/Pods-StrideSense/Pods-StrideSense-frameworks-${CONFIGURATION}-output-files.xcfilelist",
			);
			runOnlyForDeploymentPostprocessing = 0;
			shellPath = /bin/sh;
			shellScript = "\"${PODS_ROOT}/Target Support Files/Pods-StrideSense/Pods-StrideSense-frameworks.sh\"\n";
			showEnvVarsInLog = 0;
		};
		5D77001C637EACDA6000A5A1 /* [CP] Embed Pods Frameworks */ = {
			isa = PBXShellScriptBuildPhase;
			buildActionMask = 2147483647;
			files = (
			);
			inputFileListPaths = (
				"${PODS_ROOT}/Target Support Files/Pods-StrideSense-StrideSenseUITests/Pods-StrideSense-StrideSenseUITests-frameworks-${CONFIGURATION}-input-files.xcfilelist",
			);
			name = "[CP] Embed Pods Frameworks";
			outputFileListPaths = (
				"${PODS_ROOT}/Target Support Files/Pods-StrideSense-StrideSenseUITests/Pods-StrideSense-StrideSenseUITests-frameworks-${CONFIGURATION}-output-files.xcfilelist",
			);
			runOnlyForDeploymentPostprocessing = 0;
			shellPath = /bin/sh;
			shellScript = "\"${PODS_ROOT}/Target Support Files/Pods-StrideSense-StrideSenseUITests/Pods-StrideSense-StrideSenseUITests-frameworks.sh\"\n";
			showEnvVarsInLog = 0;
		};
		62ED55AAD74CF8C968F54C22 /* [CP] Check Pods Manifest.lock */ = {
			isa = PBXShellScriptBuildPhase;
			buildActionMask = 2147483647;
			files = (
			);
			inputFileListPaths = (
			);
			inputPaths = (
				"${PODS_PODFILE_DIR_PATH}/Podfile.lock",
				"${PODS_ROOT}/Manifest.lock",
			);
			name = "[CP] Check Pods Manifest.lock";
			outputFileListPaths = (
			);
			outputPaths = (
				"$(DERIVED_FILE_DIR)/Pods-StrideSense-checkManifestLockResult.txt",
			);
			runOnlyForDeploymentPostprocessing = 0;
			shellPath = /bin/sh;
			shellScript = "diff \"${PODS_PODFILE_DIR_PATH}/Podfile.lock\" \"${PODS_ROOT}/Manifest.lock\" > /dev/null\nif [ $? != 0 ] ; then\n    # print error to STDERR\n    echo \"error: The sandbox is not in sync with the Podfile.lock. Run 'pod install' or update your CocoaPods installation.\" >&2\n    exit 1\nfi\n# This output is used by Xcode 'outputs' to avoid re-running this script phase.\necho \"SUCCESS\" > \"${SCRIPT_OUTPUT_FILE_0}\"\n";
			showEnvVarsInLog = 0;
		};
		867ADDF8FEF1DB77DD223500 /* [CP] Check Pods Manifest.lock */ = {
			isa = PBXShellScriptBuildPhase;
			buildActionMask = 2147483647;
			files = (
			);
			inputFileListPaths = (
			);
			inputPaths = (
				"${PODS_PODFILE_DIR_PATH}/Podfile.lock",
				"${PODS_ROOT}/Manifest.lock",
			);
			name = "[CP] Check Pods Manifest.lock";
			outputFileListPaths = (
			);
			outputPaths = (
				"$(DERIVED_FILE_DIR)/Pods-StrideSenseTests-checkManifestLockResult.txt",
			);
			runOnlyForDeploymentPostprocessing = 0;
			shellPath = /bin/sh;
			shellScript = "diff \"${PODS_PODFILE_DIR_PATH}/Podfile.lock\" \"${PODS_ROOT}/Manifest.lock\" > /dev/null\nif [ $? != 0 ] ; then\n    # print error to STDERR\n    echo \"error: The sandbox is not in sync with the Podfile.lock. Run 'pod install' or update your CocoaPods installation.\" >&2\n    exit 1\nfi\n# This output is used by Xcode 'outputs' to avoid re-running this script phase.\necho \"SUCCESS\" > \"${SCRIPT_OUTPUT_FILE_0}\"\n";
			showEnvVarsInLog = 0;
		};
		E2108DFE5333A2BB3342E166 /* [CP] Check Pods Manifest.lock */ = {
			isa = PBXShellScriptBuildPhase;
			buildActionMask = 2147483647;
			files = (
			);
			inputFileListPaths = (
			);
			inputPaths = (
				"${PODS_PODFILE_DIR_PATH}/Podfile.lock",
				"${PODS_ROOT}/Manifest.lock",
			);
			name = "[CP] Check Pods Manifest.lock";
			outputFileListPaths = (
			);
			outputPaths = (
				"$(DERIVED_FILE_DIR)/Pods-StrideSense-StrideSenseUITests-checkManifestLockResult.txt",
			);
			runOnlyForDeploymentPostprocessing = 0;
			shellPath = /bin/sh;
			shellScript = "diff \"${PODS_PODFILE_DIR_PATH}/Podfile.lock\" \"${PODS_ROOT}/Manifest.lock\" > /dev/null\nif [ $? != 0 ] ; then\n    # print error to STDERR\n    echo \"error: The sandbox is not in sync with the Podfile.lock. Run 'pod install' or update your CocoaPods installation.\" >&2\n    exit 1\nfi\n# This output is used by Xcode 'outputs' to avoid re-running this script phase.\necho \"SUCCESS\" > \"${SCRIPT_OUTPUT_FILE_0}\"\n";
			showEnvVarsInLog = 0;
		};
/* End PBXShellScriptBuildPhase section */

/* Begin PBXSourcesBuildPhase section */
		483C82372C78110A00967EA7 /* Sources */ = {
			isa = PBXSourcesBuildPhase;
			buildActionMask = 2147483647;
			files = (
				483C82412C78110A00967EA7 /* HomeView.swift in Sources */,
				483C823F2C78110A00967EA7 /* StrideSenseApp.swift in Sources */,
				481E86632CC19C9400433E96 /* StringExtension.swift in Sources */,
			);
			runOnlyForDeploymentPostprocessing = 0;
		};
		483C82472C78110C00967EA7 /* Sources */ = {
			isa = PBXSourcesBuildPhase;
			buildActionMask = 2147483647;
			files = (
				483C82502C78110C00967EA7 /* StrideSenseTests.swift in Sources */,
			);
			runOnlyForDeploymentPostprocessing = 0;
		};
		483C82512C78110C00967EA7 /* Sources */ = {
			isa = PBXSourcesBuildPhase;
			buildActionMask = 2147483647;
			files = (
				483C825A2C78110C00967EA7 /* StrideSenseUITests.swift in Sources */,
				483C825C2C78110C00967EA7 /* StrideSenseUITestsLaunchTests.swift in Sources */,
			);
			runOnlyForDeploymentPostprocessing = 0;
		};
/* End PBXSourcesBuildPhase section */

/* Begin PBXTargetDependency section */
		483C824D2C78110C00967EA7 /* PBXTargetDependency */ = {
			isa = PBXTargetDependency;
			target = 483C823A2C78110A00967EA7 /* StrideSense */;
			targetProxy = 483C824C2C78110C00967EA7 /* PBXContainerItemProxy */;
		};
		483C82572C78110C00967EA7 /* PBXTargetDependency */ = {
			isa = PBXTargetDependency;
			target = 483C823A2C78110A00967EA7 /* StrideSense */;
			targetProxy = 483C82562C78110C00967EA7 /* PBXContainerItemProxy */;
		};
/* End PBXTargetDependency section */

/* Begin PBXVariantGroup section */
		481E865F2CC19A2400433E96 /* Localizable.strings */ = {
			isa = PBXVariantGroup;
			children = (
				481E86602CC19A2400433E96 /* en */,
			);
			name = Localizable.strings;
			sourceTree = "<group>";
		};
/* End PBXVariantGroup section */

/* Begin XCBuildConfiguration section */
		483C825D2C78110C00967EA7 /* Debug */ = {
			isa = XCBuildConfiguration;
			buildSettings = {
				ALWAYS_SEARCH_USER_PATHS = NO;
				ASSETCATALOG_COMPILER_GENERATE_SWIFT_ASSET_SYMBOL_EXTENSIONS = YES;
				CLANG_ANALYZER_NONNULL = YES;
				CLANG_ANALYZER_NUMBER_OBJECT_CONVERSION = YES_AGGRESSIVE;
				CLANG_CXX_LANGUAGE_STANDARD = "gnu++20";
				CLANG_ENABLE_MODULES = YES;
				CLANG_ENABLE_OBJC_ARC = YES;
				CLANG_ENABLE_OBJC_WEAK = YES;
				CLANG_WARN_BLOCK_CAPTURE_AUTORELEASING = YES;
				CLANG_WARN_BOOL_CONVERSION = YES;
				CLANG_WARN_COMMA = YES;
				CLANG_WARN_CONSTANT_CONVERSION = YES;
				CLANG_WARN_DEPRECATED_OBJC_IMPLEMENTATIONS = YES;
				CLANG_WARN_DIRECT_OBJC_ISA_USAGE = YES_ERROR;
				CLANG_WARN_DOCUMENTATION_COMMENTS = YES;
				CLANG_WARN_EMPTY_BODY = YES;
				CLANG_WARN_ENUM_CONVERSION = YES;
				CLANG_WARN_INFINITE_RECURSION = YES;
				CLANG_WARN_INT_CONVERSION = YES;
				CLANG_WARN_NON_LITERAL_NULL_CONVERSION = YES;
				CLANG_WARN_OBJC_IMPLICIT_RETAIN_SELF = YES;
				CLANG_WARN_OBJC_LITERAL_CONVERSION = YES;
				CLANG_WARN_OBJC_ROOT_CLASS = YES_ERROR;
				CLANG_WARN_QUOTED_INCLUDE_IN_FRAMEWORK_HEADER = YES;
				CLANG_WARN_RANGE_LOOP_ANALYSIS = YES;
				CLANG_WARN_STRICT_PROTOTYPES = YES;
				CLANG_WARN_SUSPICIOUS_MOVE = YES;
				CLANG_WARN_UNGUARDED_AVAILABILITY = YES_AGGRESSIVE;
				CLANG_WARN_UNREACHABLE_CODE = YES;
				CLANG_WARN__DUPLICATE_METHOD_MATCH = YES;
				COPY_PHASE_STRIP = NO;
				DEBUG_INFORMATION_FORMAT = dwarf;
				ENABLE_STRICT_OBJC_MSGSEND = YES;
				ENABLE_TESTABILITY = YES;
				ENABLE_USER_SCRIPT_SANDBOXING = NO;
				GCC_C_LANGUAGE_STANDARD = gnu17;
				GCC_DYNAMIC_NO_PIC = NO;
				GCC_NO_COMMON_BLOCKS = YES;
				GCC_OPTIMIZATION_LEVEL = 0;
				GCC_PREPROCESSOR_DEFINITIONS = (
					"DEBUG=1",
					"$(inherited)",
				);
				GCC_WARN_64_TO_32_BIT_CONVERSION = YES;
				GCC_WARN_ABOUT_RETURN_TYPE = YES_ERROR;
				GCC_WARN_UNDECLARED_SELECTOR = YES;
				GCC_WARN_UNINITIALIZED_AUTOS = YES_AGGRESSIVE;
				GCC_WARN_UNUSED_FUNCTION = YES;
				GCC_WARN_UNUSED_VARIABLE = YES;
				IPHONEOS_DEPLOYMENT_TARGET = 17.5;
				LOCALIZATION_PREFERS_STRING_CATALOGS = YES;
				MTL_ENABLE_DEBUG_INFO = INCLUDE_SOURCE;
				MTL_FAST_MATH = YES;
				ONLY_ACTIVE_ARCH = YES;
				SDKROOT = iphoneos;
				SWIFT_ACTIVE_COMPILATION_CONDITIONS = "DEBUG $(inherited)";
				SWIFT_OPTIMIZATION_LEVEL = "-Onone";
			};
			name = Debug;
		};
		483C825E2C78110C00967EA7 /* Release */ = {
			isa = XCBuildConfiguration;
			buildSettings = {
				ALWAYS_SEARCH_USER_PATHS = NO;
				ASSETCATALOG_COMPILER_GENERATE_SWIFT_ASSET_SYMBOL_EXTENSIONS = YES;
				CLANG_ANALYZER_NONNULL = YES;
				CLANG_ANALYZER_NUMBER_OBJECT_CONVERSION = YES_AGGRESSIVE;
				CLANG_CXX_LANGUAGE_STANDARD = "gnu++20";
				CLANG_ENABLE_MODULES = YES;
				CLANG_ENABLE_OBJC_ARC = YES;
				CLANG_ENABLE_OBJC_WEAK = YES;
				CLANG_WARN_BLOCK_CAPTURE_AUTORELEASING = YES;
				CLANG_WARN_BOOL_CONVERSION = YES;
				CLANG_WARN_COMMA = YES;
				CLANG_WARN_CONSTANT_CONVERSION = YES;
				CLANG_WARN_DEPRECATED_OBJC_IMPLEMENTATIONS = YES;
				CLANG_WARN_DIRECT_OBJC_ISA_USAGE = YES_ERROR;
				CLANG_WARN_DOCUMENTATION_COMMENTS = YES;
				CLANG_WARN_EMPTY_BODY = YES;
				CLANG_WARN_ENUM_CONVERSION = YES;
				CLANG_WARN_INFINITE_RECURSION = YES;
				CLANG_WARN_INT_CONVERSION = YES;
				CLANG_WARN_NON_LITERAL_NULL_CONVERSION = YES;
				CLANG_WARN_OBJC_IMPLICIT_RETAIN_SELF = YES;
				CLANG_WARN_OBJC_LITERAL_CONVERSION = YES;
				CLANG_WARN_OBJC_ROOT_CLASS = YES_ERROR;
				CLANG_WARN_QUOTED_INCLUDE_IN_FRAMEWORK_HEADER = YES;
				CLANG_WARN_RANGE_LOOP_ANALYSIS = YES;
				CLANG_WARN_STRICT_PROTOTYPES = YES;
				CLANG_WARN_SUSPICIOUS_MOVE = YES;
				CLANG_WARN_UNGUARDED_AVAILABILITY = YES_AGGRESSIVE;
				CLANG_WARN_UNREACHABLE_CODE = YES;
				CLANG_WARN__DUPLICATE_METHOD_MATCH = YES;
				COPY_PHASE_STRIP = NO;
				DEBUG_INFORMATION_FORMAT = "dwarf-with-dsym";
				ENABLE_NS_ASSERTIONS = NO;
				ENABLE_STRICT_OBJC_MSGSEND = YES;
				ENABLE_USER_SCRIPT_SANDBOXING = NO;
				GCC_C_LANGUAGE_STANDARD = gnu17;
				GCC_NO_COMMON_BLOCKS = YES;
				GCC_WARN_64_TO_32_BIT_CONVERSION = YES;
				GCC_WARN_ABOUT_RETURN_TYPE = YES_ERROR;
				GCC_WARN_UNDECLARED_SELECTOR = YES;
				GCC_WARN_UNINITIALIZED_AUTOS = YES_AGGRESSIVE;
				GCC_WARN_UNUSED_FUNCTION = YES;
				GCC_WARN_UNUSED_VARIABLE = YES;
				IPHONEOS_DEPLOYMENT_TARGET = 17.5;
				LOCALIZATION_PREFERS_STRING_CATALOGS = YES;
				MTL_ENABLE_DEBUG_INFO = NO;
				MTL_FAST_MATH = YES;
				SDKROOT = iphoneos;
				SWIFT_COMPILATION_MODE = wholemodule;
				VALIDATE_PRODUCT = YES;
			};
			name = Release;
		};
		483C82602C78110C00967EA7 /* Debug */ = {
			isa = XCBuildConfiguration;
			baseConfigurationReference = DCFB6DB68FA2C0269E8B7DE2 /* Pods-StrideSense.debug.xcconfig */;
			buildSettings = {
				ASSETCATALOG_COMPILER_APPICON_NAME = AppIcon;
				ASSETCATALOG_COMPILER_GLOBAL_ACCENT_COLOR_NAME = AccentColor;
				CODE_SIGN_STYLE = Automatic;
				CURRENT_PROJECT_VERSION = 1;
				DEVELOPMENT_ASSET_PATHS = "\"StrideSense/Preview Content\"";
				ENABLE_PREVIEWS = YES;
				GENERATE_INFOPLIST_FILE = YES;
				INFOPLIST_KEY_UIApplicationSceneManifest_Generation = YES;
				INFOPLIST_KEY_UIApplicationSupportsIndirectInputEvents = YES;
				INFOPLIST_KEY_UILaunchScreen_Generation = YES;
				INFOPLIST_KEY_UISupportedInterfaceOrientations_iPad = "UIInterfaceOrientationPortrait UIInterfaceOrientationPortraitUpsideDown UIInterfaceOrientationLandscapeLeft UIInterfaceOrientationLandscapeRight";
				INFOPLIST_KEY_UISupportedInterfaceOrientations_iPhone = "UIInterfaceOrientationPortrait UIInterfaceOrientationLandscapeLeft UIInterfaceOrientationLandscapeRight";
				LD_RUNPATH_SEARCH_PATHS = (
					"$(inherited)",
					"@executable_path/Frameworks",
				);
				MARKETING_VERSION = 1.0;
				PRODUCT_BUNDLE_IDENTIFIER = GSJK.StrideSense;
				PRODUCT_NAME = "$(TARGET_NAME)";
				SWIFT_EMIT_LOC_STRINGS = YES;
				SWIFT_VERSION = 5.0;
				TARGETED_DEVICE_FAMILY = "1,2";
			};
			name = Debug;
		};
		483C82612C78110C00967EA7 /* Release */ = {
			isa = XCBuildConfiguration;
			baseConfigurationReference = 03D76A6D4C6C5124599924CD /* Pods-StrideSense.release.xcconfig */;
			buildSettings = {
				ASSETCATALOG_COMPILER_APPICON_NAME = AppIcon;
				ASSETCATALOG_COMPILER_GLOBAL_ACCENT_COLOR_NAME = AccentColor;
				CODE_SIGN_STYLE = Automatic;
				CURRENT_PROJECT_VERSION = 1;
				DEVELOPMENT_ASSET_PATHS = "\"StrideSense/Preview Content\"";
				ENABLE_PREVIEWS = YES;
				GENERATE_INFOPLIST_FILE = YES;
				INFOPLIST_KEY_UIApplicationSceneManifest_Generation = YES;
				INFOPLIST_KEY_UIApplicationSupportsIndirectInputEvents = YES;
				INFOPLIST_KEY_UILaunchScreen_Generation = YES;
				INFOPLIST_KEY_UISupportedInterfaceOrientations_iPad = "UIInterfaceOrientationPortrait UIInterfaceOrientationPortraitUpsideDown UIInterfaceOrientationLandscapeLeft UIInterfaceOrientationLandscapeRight";
				INFOPLIST_KEY_UISupportedInterfaceOrientations_iPhone = "UIInterfaceOrientationPortrait UIInterfaceOrientationLandscapeLeft UIInterfaceOrientationLandscapeRight";
				LD_RUNPATH_SEARCH_PATHS = (
					"$(inherited)",
					"@executable_path/Frameworks",
				);
				MARKETING_VERSION = 1.0;
				PRODUCT_BUNDLE_IDENTIFIER = GSJK.StrideSense;
				PRODUCT_NAME = "$(TARGET_NAME)";
				SWIFT_EMIT_LOC_STRINGS = YES;
				SWIFT_VERSION = 5.0;
				TARGETED_DEVICE_FAMILY = "1,2";
			};
			name = Release;
		};
		483C82632C78110C00967EA7 /* Debug */ = {
			isa = XCBuildConfiguration;
			baseConfigurationReference = BA62B82494B05B3F73820587 /* Pods-StrideSenseTests.debug.xcconfig */;
			buildSettings = {
				BUNDLE_LOADER = "$(TEST_HOST)";
				CODE_SIGN_STYLE = Automatic;
				CURRENT_PROJECT_VERSION = 1;
				GENERATE_INFOPLIST_FILE = YES;
				IPHONEOS_DEPLOYMENT_TARGET = 17.5;
				MARKETING_VERSION = 1.0;
				PRODUCT_BUNDLE_IDENTIFIER = GSJK.StrideSenseTests;
				PRODUCT_NAME = "$(TARGET_NAME)";
				SWIFT_EMIT_LOC_STRINGS = NO;
				SWIFT_VERSION = 5.0;
				TARGETED_DEVICE_FAMILY = "1,2";
				TEST_HOST = "$(BUILT_PRODUCTS_DIR)/StrideSense.app/$(BUNDLE_EXECUTABLE_FOLDER_PATH)/StrideSense";
			};
			name = Debug;
		};
		483C82642C78110C00967EA7 /* Release */ = {
			isa = XCBuildConfiguration;
			baseConfigurationReference = B4DA619A9378713D92274394 /* Pods-StrideSenseTests.release.xcconfig */;
			buildSettings = {
				BUNDLE_LOADER = "$(TEST_HOST)";
				CODE_SIGN_STYLE = Automatic;
				CURRENT_PROJECT_VERSION = 1;
				GENERATE_INFOPLIST_FILE = YES;
				IPHONEOS_DEPLOYMENT_TARGET = 17.5;
				MARKETING_VERSION = 1.0;
				PRODUCT_BUNDLE_IDENTIFIER = GSJK.StrideSenseTests;
				PRODUCT_NAME = "$(TARGET_NAME)";
				SWIFT_EMIT_LOC_STRINGS = NO;
				SWIFT_VERSION = 5.0;
				TARGETED_DEVICE_FAMILY = "1,2";
				TEST_HOST = "$(BUILT_PRODUCTS_DIR)/StrideSense.app/$(BUNDLE_EXECUTABLE_FOLDER_PATH)/StrideSense";
			};
			name = Release;
		};
		483C82662C78110C00967EA7 /* Debug */ = {
			isa = XCBuildConfiguration;
			baseConfigurationReference = A2D3E8D0643C4C01412D642C /* Pods-StrideSense-StrideSenseUITests.debug.xcconfig */;
			buildSettings = {
				CODE_SIGN_STYLE = Automatic;
				CURRENT_PROJECT_VERSION = 1;
				GENERATE_INFOPLIST_FILE = YES;
				MARKETING_VERSION = 1.0;
				PRODUCT_BUNDLE_IDENTIFIER = GSJK.StrideSenseUITests;
				PRODUCT_NAME = "$(TARGET_NAME)";
				SWIFT_EMIT_LOC_STRINGS = NO;
				SWIFT_VERSION = 5.0;
				TARGETED_DEVICE_FAMILY = "1,2";
				TEST_TARGET_NAME = StrideSense;
			};
			name = Debug;
		};
		483C82672C78110C00967EA7 /* Release */ = {
			isa = XCBuildConfiguration;
			baseConfigurationReference = 3763B6710A6B0AFE1B8DBEFE /* Pods-StrideSense-StrideSenseUITests.release.xcconfig */;
			buildSettings = {
				CODE_SIGN_STYLE = Automatic;
				CURRENT_PROJECT_VERSION = 1;
				GENERATE_INFOPLIST_FILE = YES;
				MARKETING_VERSION = 1.0;
				PRODUCT_BUNDLE_IDENTIFIER = GSJK.StrideSenseUITests;
				PRODUCT_NAME = "$(TARGET_NAME)";
				SWIFT_EMIT_LOC_STRINGS = NO;
				SWIFT_VERSION = 5.0;
				TARGETED_DEVICE_FAMILY = "1,2";
				TEST_TARGET_NAME = StrideSense;
			};
			name = Release;
		};
/* End XCBuildConfiguration section */

/* Begin XCConfigurationList section */
		483C82362C78110A00967EA7 /* Build configuration list for PBXProject "StrideSense" */ = {
			isa = XCConfigurationList;
			buildConfigurations = (
				483C825D2C78110C00967EA7 /* Debug */,
				483C825E2C78110C00967EA7 /* Release */,
			);
			defaultConfigurationIsVisible = 0;
			defaultConfigurationName = Release;
		};
		483C825F2C78110C00967EA7 /* Build configuration list for PBXNativeTarget "StrideSense" */ = {
			isa = XCConfigurationList;
			buildConfigurations = (
				483C82602C78110C00967EA7 /* Debug */,
				483C82612C78110C00967EA7 /* Release */,
			);
			defaultConfigurationIsVisible = 0;
			defaultConfigurationName = Release;
		};
		483C82622C78110C00967EA7 /* Build configuration list for PBXNativeTarget "StrideSenseTests" */ = {
			isa = XCConfigurationList;
			buildConfigurations = (
				483C82632C78110C00967EA7 /* Debug */,
				483C82642C78110C00967EA7 /* Release */,
			);
			defaultConfigurationIsVisible = 0;
			defaultConfigurationName = Release;
		};
		483C82652C78110C00967EA7 /* Build configuration list for PBXNativeTarget "StrideSenseUITests" */ = {
			isa = XCConfigurationList;
			buildConfigurations = (
				483C82662C78110C00967EA7 /* Debug */,
				483C82672C78110C00967EA7 /* Release */,
			);
			defaultConfigurationIsVisible = 0;
			defaultConfigurationName = Release;
		};
/* End XCConfigurationList section */
	};
	rootObject = 483C82332C78110A00967EA7 /* Project object */;
}
